
Microsoft Visual Studio Solution File, Format Version 10.00
# Visual Studio 2008
Project("{FAE04EC0-301F-11D3-BF4B-00C04F79EFBC}") = "MoqRepositorySample", "MoqRepositorySample\MoqRepositorySample.csproj", "{763AB408-8FCC-4A32-BF06-8F037E2AD949}"
EndProject
Project("{2150E333-8FDC-42A3-9474-1A3956D46DE8}") = "Solution Items", "Solution Items", "{E40BDFA5-A060-4D04-8EF8-025F4CB9EB89}"
	ProjectSection(SolutionItems) = preProject
		LocalTestRun.testrunconfig = LocalTestRun.testrunconfig
		MoqRepositorySample.vsmdi = MoqRepositorySample.vsmdi
	EndProjectSection
EndProject
Project("{FAE04EC0-301F-11D3-BF4B-00C04F79EFBC}") = "MoqRepositoryTests", "MoqRepositoryTests\MoqRepositoryTests.csproj", "{93F095E5-2220-47E1-B0CB-CB1EA51CFA4F}"
EndProject
Global
	GlobalSection(SolutionConfigurationPlatforms) = preSolution
		Debug|Any CPU = Debug|Any CPU
		Release|Any CPU = Release|Any CPU
	EndGlobalSection
	GlobalSection(ProjectConfigurationPlatforms) = postSolution
		{763AB408-8FCC-4A32-BF06-8F037E2AD949}.Debug|Any CPU.ActiveCfg = Debug|Any CPU
		{763AB408-8FCC-4A32-BF06-8F037E2AD949}.Debug|Any CPU.Build.0 = Debug|Any CPU
		{763AB408-8FCC-4A32-BF06-8F037E2AD949}.Release|Any CPU.ActiveCfg = Release|Any CPU
		{763AB408-8FCC-4A32-BF06-8F037E2AD949}.Release|Any CPU.Build.0 = Release|Any CPU
		{93F095E5-2220-47E1-B0CB-CB1EA51CFA4F}.Debug|Any CPU.ActiveCfg = Debug|Any CPU
		{93F095E5-2220-47E1-B0CB-CB1EA51CFA4F}.Debug|Any CPU.Build.0 = Debug|Any CPU
		{93F095E5-2220-47E1-B0CB-CB1EA51CFA4F}.Release|Any CPU.ActiveCfg = Release|Any CPU
		{93F095E5-2220-47E1-B0CB-CB1EA51CFA4F}.Release|Any CPU.Build.0 = Release|Any CPU
	EndGlobalSection
	GlobalSection(NestedProjects) = preSolution
	EndGlobalSection
	GlobalSection(MonoDevelopProperties) = preSolution
		StartupItem = MoqRepositorySample\MoqRepositorySample.csproj
	EndGlobalSection
	GlobalSection(TestCaseManagementSettings) = postSolution
		CategoryFile = MoqRepositorySample.vsmdi
	EndGlobalSection
	GlobalSection(SolutionProperties) = preSolution
		HideSolutionNode = FALSE
	EndGlobalSection
EndGlobal
